
Microsoft Visual Studio Solution File, Format Version 12.00
# Visual Studio Version 16
VisualStudioVersion = 16.0.31729.503
MinimumVisualStudioVersion = 10.0.40219.1
Project("{FAE04EC0-301F-11D3-BF4B-00C04F79EFBC}") = "İnternet_Programcılığı_Proje", "İnternet_Programcılığı_Proje\İnternet_Programcılığı_Proje.csproj", "{7B9D8886-7CC2-447C-BA76-C7A5884585FC}"
EndProject
Global
	GlobalSection(SolutionConfigurationPlatforms) = preSolution
		Debug|Any CPU = Debug|Any CPU
		Release|Any CPU = Release|Any CPU
	EndGlobalSection
	GlobalSection(ProjectConfigurationPlatforms) = postSolution
		{7B9D8886-7CC2-447C-BA76-C7A5884585FC}.Debug|Any CPU.ActiveCfg = Debug|Any CPU
		{7B9D8886-7CC2-447C-BA76-C7A5884585FC}.Debug|Any CPU.Build.0 = Debug|Any CPU
		{7B9D8886-7CC2-447C-BA76-C7A5884585FC}.Release|Any CPU.ActiveCfg = Release|Any CPU
		{7B9D8886-7CC2-447C-BA76-C7A5884585FC}.Release|Any CPU.Build.0 = Release|Any CPU
	EndGlobalSection
	GlobalSection(SolutionProperties) = preSolution
		HideSolutionNode = FALSE
	EndGlobalSection
	GlobalSection(ExtensibilityGlobals) = postSolution
		SolutionGuid = {59BDB3F4-0B25-4C18-A588-7AFAB9926D90}
	EndGlobalSection
EndGlobal
